
Microsoft Visual Studio Solution File, Format Version 12.00
# Visual Studio Version 17
VisualStudioVersion = 17.12.35323.107
MinimumVisualStudioVersion = 10.0.40219.1
Project("{FAE04EC0-301F-11D3-BF4B-00C04F79EFBC}") = "TheWedding.Api", "TheWedding.Api\TheWedding.Api.csproj", "{D5DABBF9-E644-F831-6B45-57BDF493EC42}"
EndProject
Project("{FAE04EC0-301F-11D3-BF4B-00C04F79EFBC}") = "TheWedding.Data", "TheWedding.Data\TheWedding.Data.csproj", "{1AE4F831-14DB-D2D7-4382-575FCC1B9D7F}"
EndProject
Project("{FAE04EC0-301F-11D3-BF4B-00C04F79EFBC}") = "TheWedding.Shared", "TheWedding.Shared\TheWedding.Shared.csproj", "{B77DCA63-34E1-4AE0-2A4B-DC299AB15209}"
EndProject
Global
	GlobalSection(SolutionConfigurationPlatforms) = preSolution
		Debug|Any CPU = Debug|Any CPU
		Release|Any CPU = Release|Any CPU
	EndGlobalSection
	GlobalSection(ProjectConfigurationPlatforms) = postSolution
		{D5DABBF9-E644-F831-6B45-57BDF493EC42}.Debug|Any CPU.ActiveCfg = Debug|Any CPU
		{D5DABBF9-E644-F831-6B45-57BDF493EC42}.Debug|Any CPU.Build.0 = Debug|Any CPU
		{D5DABBF9-E644-F831-6B45-57BDF493EC42}.Release|Any CPU.ActiveCfg = Release|Any CPU
		{D5DABBF9-E644-F831-6B45-57BDF493EC42}.Release|Any CPU.Build.0 = Release|Any CPU
		{1AE4F831-14DB-D2D7-4382-575FCC1B9D7F}.Debug|Any CPU.ActiveCfg = Debug|Any CPU
		{1AE4F831-14DB-D2D7-4382-575FCC1B9D7F}.Debug|Any CPU.Build.0 = Debug|Any CPU
		{1AE4F831-14DB-D2D7-4382-575FCC1B9D7F}.Release|Any CPU.ActiveCfg = Release|Any CPU
		{1AE4F831-14DB-D2D7-4382-575FCC1B9D7F}.Release|Any CPU.Build.0 = Release|Any CPU
		{B77DCA63-34E1-4AE0-2A4B-DC299AB15209}.Debug|Any CPU.ActiveCfg = Debug|Any CPU
		{B77DCA63-34E1-4AE0-2A4B-DC299AB15209}.Debug|Any CPU.Build.0 = Debug|Any CPU
		{B77DCA63-34E1-4AE0-2A4B-DC299AB15209}.Release|Any CPU.ActiveCfg = Release|Any CPU
		{B77DCA63-34E1-4AE0-2A4B-DC299AB15209}.Release|Any CPU.Build.0 = Release|Any CPU
	EndGlobalSection
	GlobalSection(SolutionProperties) = preSolution
		HideSolutionNode = FALSE
	EndGlobalSection
	GlobalSection(ExtensibilityGlobals) = postSolution
		SolutionGuid = {CD934DC4-100A-4787-AF23-B98572B8EA71}
	EndGlobalSection
EndGlobal
